
Microsoft Visual Studio Solution File, Format Version 12.00
Project("{FAE04EC0-301F-11D3-BF4B-00C04F79EFBC}") = "punktowane", "punktowane\punktowane.csproj", "{B1E1AF19-ADBA-4A62-8991-F3BDE015696A}"
EndProject
Global
	GlobalSection(SolutionConfigurationPlatforms) = preSolution
		Debug|Any CPU = Debug|Any CPU
		Release|Any CPU = Release|Any CPU
	EndGlobalSection
	GlobalSection(ProjectConfigurationPlatforms) = postSolution
		{B1E1AF19-ADBA-4A62-8991-F3BDE015696A}.Debug|Any CPU.ActiveCfg = Debug|Any CPU
		{B1E1AF19-ADBA-4A62-8991-F3BDE015696A}.Debug|Any CPU.Build.0 = Debug|Any CPU
		{B1E1AF19-ADBA-4A62-8991-F3BDE015696A}.Release|Any CPU.ActiveCfg = Release|Any CPU
		{B1E1AF19-ADBA-4A62-8991-F3BDE015696A}.Release|Any CPU.Build.0 = Release|Any CPU
	EndGlobalSection
EndGlobal
