
Microsoft Visual Studio Solution File, Format Version 12.00
Project("{FAE04EC0-301F-11D3-BF4B-00C04F79EFBC}") = "introduction-to-algorithms-solutions", "introduction-to-algorithms-solutions\introduction-to-algorithms-solutions.csproj", "{5F6C2E12-6360-4A25-9476-3B585BDCC428}"
EndProject
Global
	GlobalSection(SolutionConfigurationPlatforms) = preSolution
		Debug|Any CPU = Debug|Any CPU
		Release|Any CPU = Release|Any CPU
	EndGlobalSection
	GlobalSection(ProjectConfigurationPlatforms) = postSolution
		{5F6C2E12-6360-4A25-9476-3B585BDCC428}.Debug|Any CPU.ActiveCfg = Debug|Any CPU
		{5F6C2E12-6360-4A25-9476-3B585BDCC428}.Debug|Any CPU.Build.0 = Debug|Any CPU
		{5F6C2E12-6360-4A25-9476-3B585BDCC428}.Release|Any CPU.ActiveCfg = Release|Any CPU
		{5F6C2E12-6360-4A25-9476-3B585BDCC428}.Release|Any CPU.Build.0 = Release|Any CPU
	EndGlobalSection
EndGlobal
